
Microsoft Visual Studio Solution File, Format Version 12.00
# Visual Studio Version 17
VisualStudioVersion = 17.0.31903.59
MinimumVisualStudioVersion = 10.0.40219.1
Project("{FAE04EC0-301F-11D3-BF4B-00C04F79EFBC}") = "day-01-1", "day-01-1\day-01-1.csproj", "{9F8ABAB7-2F0E-47EC-A52C-CEAB939CA93B}"
EndProject
Project("{FAE04EC0-301F-11D3-BF4B-00C04F79EFBC}") = "day-01-2", "day-01-2\day-01-2.csproj", "{1CA6CD87-B0D2-436C-8E41-11E789C012D5}"
EndProject
Project("{FAE04EC0-301F-11D3-BF4B-00C04F79EFBC}") = "day-02-1", "day-02-1\day-02-1.csproj", "{C1F812B0-2114-4BBC-8F43-390134E75B28}"
EndProject
Project("{FAE04EC0-301F-11D3-BF4B-00C04F79EFBC}") = "day-02-2", "day-02-2\day-02-2.csproj", "{998E192D-2E0C-422B-9FC2-B1F81A494760}"
EndProject
Project("{FAE04EC0-301F-11D3-BF4B-00C04F79EFBC}") = "day-03-1", "day-03-1\day-03-1.csproj", "{4348456E-487F-46CB-881F-37D36DC6D424}"
EndProject
Project("{FAE04EC0-301F-11D3-BF4B-00C04F79EFBC}") = "day-03-2", "day-03-2\day-03-2.csproj", "{6F767AD5-CCB8-4348-B16A-FCAB3B7FC12B}"
EndProject
Project("{FAE04EC0-301F-11D3-BF4B-00C04F79EFBC}") = "AocUtilities", "AocUtilities\AocUtilities.csproj", "{C50BC5DF-EC14-430A-8C4A-A507F9354210}"
EndProject
Project("{FAE04EC0-301F-11D3-BF4B-00C04F79EFBC}") = "day-04-1", "day-04-1\day-04-1.csproj", "{973F0F6E-E0B5-41C5-8159-F73174A140FF}"
EndProject
Project("{FAE04EC0-301F-11D3-BF4B-00C04F79EFBC}") = "day-04-2", "day-04-2\day-04-2.csproj", "{858A0431-E43A-40EC-9643-8B5A8017741D}"
EndProject
Project("{FAE04EC0-301F-11D3-BF4B-00C04F79EFBC}") = "day-05-1", "day-05-1\day-05-1.csproj", "{D7FD6DDA-DCFD-4A4E-9418-66DC584780DC}"
EndProject
Global
	GlobalSection(SolutionConfigurationPlatforms) = preSolution
		Debug|Any CPU = Debug|Any CPU
		Release|Any CPU = Release|Any CPU
	EndGlobalSection
	GlobalSection(ProjectConfigurationPlatforms) = postSolution
		{9F8ABAB7-2F0E-47EC-A52C-CEAB939CA93B}.Debug|Any CPU.ActiveCfg = Debug|Any CPU
		{9F8ABAB7-2F0E-47EC-A52C-CEAB939CA93B}.Debug|Any CPU.Build.0 = Debug|Any CPU
		{9F8ABAB7-2F0E-47EC-A52C-CEAB939CA93B}.Release|Any CPU.ActiveCfg = Release|Any CPU
		{9F8ABAB7-2F0E-47EC-A52C-CEAB939CA93B}.Release|Any CPU.Build.0 = Release|Any CPU
		{1CA6CD87-B0D2-436C-8E41-11E789C012D5}.Debug|Any CPU.ActiveCfg = Debug|Any CPU
		{1CA6CD87-B0D2-436C-8E41-11E789C012D5}.Debug|Any CPU.Build.0 = Debug|Any CPU
		{1CA6CD87-B0D2-436C-8E41-11E789C012D5}.Release|Any CPU.ActiveCfg = Release|Any CPU
		{1CA6CD87-B0D2-436C-8E41-11E789C012D5}.Release|Any CPU.Build.0 = Release|Any CPU
		{C1F812B0-2114-4BBC-8F43-390134E75B28}.Debug|Any CPU.ActiveCfg = Debug|Any CPU
		{C1F812B0-2114-4BBC-8F43-390134E75B28}.Debug|Any CPU.Build.0 = Debug|Any CPU
		{C1F812B0-2114-4BBC-8F43-390134E75B28}.Release|Any CPU.ActiveCfg = Release|Any CPU
		{C1F812B0-2114-4BBC-8F43-390134E75B28}.Release|Any CPU.Build.0 = Release|Any CPU
		{998E192D-2E0C-422B-9FC2-B1F81A494760}.Debug|Any CPU.ActiveCfg = Debug|Any CPU
		{998E192D-2E0C-422B-9FC2-B1F81A494760}.Debug|Any CPU.Build.0 = Debug|Any CPU
		{998E192D-2E0C-422B-9FC2-B1F81A494760}.Release|Any CPU.ActiveCfg = Release|Any CPU
		{998E192D-2E0C-422B-9FC2-B1F81A494760}.Release|Any CPU.Build.0 = Release|Any CPU
		{4348456E-487F-46CB-881F-37D36DC6D424}.Debug|Any CPU.ActiveCfg = Debug|Any CPU
		{4348456E-487F-46CB-881F-37D36DC6D424}.Debug|Any CPU.Build.0 = Debug|Any CPU
		{4348456E-487F-46CB-881F-37D36DC6D424}.Release|Any CPU.ActiveCfg = Release|Any CPU
		{4348456E-487F-46CB-881F-37D36DC6D424}.Release|Any CPU.Build.0 = Release|Any CPU
		{6F767AD5-CCB8-4348-B16A-FCAB3B7FC12B}.Debug|Any CPU.ActiveCfg = Debug|Any CPU
		{6F767AD5-CCB8-4348-B16A-FCAB3B7FC12B}.Debug|Any CPU.Build.0 = Debug|Any CPU
		{6F767AD5-CCB8-4348-B16A-FCAB3B7FC12B}.Release|Any CPU.ActiveCfg = Release|Any CPU
		{6F767AD5-CCB8-4348-B16A-FCAB3B7FC12B}.Release|Any CPU.Build.0 = Release|Any CPU
		{C50BC5DF-EC14-430A-8C4A-A507F9354210}.Debug|Any CPU.ActiveCfg = Debug|Any CPU
		{C50BC5DF-EC14-430A-8C4A-A507F9354210}.Debug|Any CPU.Build.0 = Debug|Any CPU
		{C50BC5DF-EC14-430A-8C4A-A507F9354210}.Release|Any CPU.ActiveCfg = Release|Any CPU
		{C50BC5DF-EC14-430A-8C4A-A507F9354210}.Release|Any CPU.Build.0 = Release|Any CPU
		{973F0F6E-E0B5-41C5-8159-F73174A140FF}.Debug|Any CPU.ActiveCfg = Debug|Any CPU
		{973F0F6E-E0B5-41C5-8159-F73174A140FF}.Debug|Any CPU.Build.0 = Debug|Any CPU
		{973F0F6E-E0B5-41C5-8159-F73174A140FF}.Release|Any CPU.ActiveCfg = Release|Any CPU
		{973F0F6E-E0B5-41C5-8159-F73174A140FF}.Release|Any CPU.Build.0 = Release|Any CPU
		{858A0431-E43A-40EC-9643-8B5A8017741D}.Debug|Any CPU.ActiveCfg = Debug|Any CPU
		{858A0431-E43A-40EC-9643-8B5A8017741D}.Debug|Any CPU.Build.0 = Debug|Any CPU
		{858A0431-E43A-40EC-9643-8B5A8017741D}.Release|Any CPU.ActiveCfg = Release|Any CPU
		{858A0431-E43A-40EC-9643-8B5A8017741D}.Release|Any CPU.Build.0 = Release|Any CPU
		{D7FD6DDA-DCFD-4A4E-9418-66DC584780DC}.Debug|Any CPU.ActiveCfg = Debug|Any CPU
		{D7FD6DDA-DCFD-4A4E-9418-66DC584780DC}.Debug|Any CPU.Build.0 = Debug|Any CPU
		{D7FD6DDA-DCFD-4A4E-9418-66DC584780DC}.Release|Any CPU.ActiveCfg = Release|Any CPU
		{D7FD6DDA-DCFD-4A4E-9418-66DC584780DC}.Release|Any CPU.Build.0 = Release|Any CPU
	EndGlobalSection
	GlobalSection(SolutionProperties) = preSolution
		HideSolutionNode = FALSE
	EndGlobalSection
EndGlobal
